
Microsoft Visual Studio Solution File, Format Version 12.00
# Visual Studio 2012
Project("{F184B08F-C81C-45F6-A57F-5ABD9991F28F}") = "Tropical.Models", "Tropical.Models\Tropical.Models.vbproj", "{83E3B54E-4B45-47CD-8904-137F47FA2DC7}"
EndProject
Project("{F184B08F-C81C-45F6-A57F-5ABD9991F28F}") = "Tropical.Controllers", "Tropical.Controllers\Tropical.Controllers.vbproj", "{59930B50-BD9C-4C76-9716-14AE3C9C9292}"
EndProject
Project("{F184B08F-C81C-45F6-A57F-5ABD9991F28F}") = "Tropical.Tests", "Tropical.Tests\Tropical.Tests.vbproj", "{43D41394-250F-4D76-9F81-5860D188D655}"
EndProject
Project("{F184B08F-C81C-45F6-A57F-5ABD9991F28F}") = "Tropical.CommandLine", "Tropical.CommandLine\Tropical.CommandLine.vbproj", "{E45ACD2C-320E-4965-8C89-4D93D0E5632F}"
EndProject
Project("{2150E333-8FDC-42A3-9474-1A3956D46DE8}") = ".nuget", ".nuget", "{2D04A509-4774-45B0-AA3D-140A7E8CB8AF}"
	ProjectSection(SolutionItems) = preProject
		.nuget\NuGet.Config = .nuget\NuGet.Config
		.nuget\NuGet.exe = .nuget\NuGet.exe
		.nuget\NuGet.targets = .nuget\NuGet.targets
	EndProjectSection
EndProject
Project("{F184B08F-C81C-45F6-A57F-5ABD9991F28F}") = "Tropical.GeneratorCommandLine", "Tropical.GeneratorCommandLine\Tropical.GeneratorCommandLine.vbproj", "{6D3D4C66-E502-4859-9CB7-E1EE250A4F91}"
EndProject
Project("{F184B08F-C81C-45F6-A57F-5ABD9991F28F}") = "Tropical.SheetBuilder", "Tropical.SheetBuilder\Tropical.SheetBuilder.vbproj", "{60B404C7-43FA-4AD6-84FF-60A8C268A9C5}"
EndProject
Global
	GlobalSection(SolutionConfigurationPlatforms) = preSolution
		Debug|Any CPU = Debug|Any CPU
		Release|Any CPU = Release|Any CPU
	EndGlobalSection
	GlobalSection(ProjectConfigurationPlatforms) = postSolution
		{83E3B54E-4B45-47CD-8904-137F47FA2DC7}.Debug|Any CPU.ActiveCfg = Debug|Any CPU
		{83E3B54E-4B45-47CD-8904-137F47FA2DC7}.Debug|Any CPU.Build.0 = Debug|Any CPU
		{83E3B54E-4B45-47CD-8904-137F47FA2DC7}.Release|Any CPU.ActiveCfg = Release|Any CPU
		{83E3B54E-4B45-47CD-8904-137F47FA2DC7}.Release|Any CPU.Build.0 = Release|Any CPU
		{59930B50-BD9C-4C76-9716-14AE3C9C9292}.Debug|Any CPU.ActiveCfg = Debug|Any CPU
		{59930B50-BD9C-4C76-9716-14AE3C9C9292}.Debug|Any CPU.Build.0 = Debug|Any CPU
		{59930B50-BD9C-4C76-9716-14AE3C9C9292}.Release|Any CPU.ActiveCfg = Release|Any CPU
		{59930B50-BD9C-4C76-9716-14AE3C9C9292}.Release|Any CPU.Build.0 = Release|Any CPU
		{43D41394-250F-4D76-9F81-5860D188D655}.Debug|Any CPU.ActiveCfg = Debug|Any CPU
		{43D41394-250F-4D76-9F81-5860D188D655}.Debug|Any CPU.Build.0 = Debug|Any CPU
		{43D41394-250F-4D76-9F81-5860D188D655}.Release|Any CPU.ActiveCfg = Release|Any CPU
		{43D41394-250F-4D76-9F81-5860D188D655}.Release|Any CPU.Build.0 = Release|Any CPU
		{E45ACD2C-320E-4965-8C89-4D93D0E5632F}.Debug|Any CPU.ActiveCfg = Debug|Any CPU
		{E45ACD2C-320E-4965-8C89-4D93D0E5632F}.Debug|Any CPU.Build.0 = Debug|Any CPU
		{E45ACD2C-320E-4965-8C89-4D93D0E5632F}.Release|Any CPU.ActiveCfg = Release|Any CPU
		{E45ACD2C-320E-4965-8C89-4D93D0E5632F}.Release|Any CPU.Build.0 = Release|Any CPU
		{6D3D4C66-E502-4859-9CB7-E1EE250A4F91}.Debug|Any CPU.ActiveCfg = Debug|Any CPU
		{6D3D4C66-E502-4859-9CB7-E1EE250A4F91}.Debug|Any CPU.Build.0 = Debug|Any CPU
		{6D3D4C66-E502-4859-9CB7-E1EE250A4F91}.Release|Any CPU.ActiveCfg = Release|Any CPU
		{6D3D4C66-E502-4859-9CB7-E1EE250A4F91}.Release|Any CPU.Build.0 = Release|Any CPU
		{60B404C7-43FA-4AD6-84FF-60A8C268A9C5}.Debug|Any CPU.ActiveCfg = Debug|Any CPU
		{60B404C7-43FA-4AD6-84FF-60A8C268A9C5}.Debug|Any CPU.Build.0 = Debug|Any CPU
		{60B404C7-43FA-4AD6-84FF-60A8C268A9C5}.Release|Any CPU.ActiveCfg = Release|Any CPU
		{60B404C7-43FA-4AD6-84FF-60A8C268A9C5}.Release|Any CPU.Build.0 = Release|Any CPU
	EndGlobalSection
	GlobalSection(SolutionProperties) = preSolution
		HideSolutionNode = FALSE
	EndGlobalSection
EndGlobal
